
Microsoft Visual Studio Solution File, Format Version 12.00
# Visual Studio Version 17
VisualStudioVersion = 17.6.33815.320
MinimumVisualStudioVersion = 10.0.40219.1
Project("{FAE04EC0-301F-11D3-BF4B-00C04F79EFBC}") = "QPlay.Identity.Service", "src\QPlay.Identity.Service\QPlay.Identity.Service.csproj", "{A1637DF7-68BC-4D82-AC31-11E98EBB63F7}"
EndProject
Global
	GlobalSection(SolutionConfigurationPlatforms) = preSolution
		Debug|Any CPU = Debug|Any CPU
		Release|Any CPU = Release|Any CPU
	EndGlobalSection
	GlobalSection(ProjectConfigurationPlatforms) = postSolution
		{A1637DF7-68BC-4D82-AC31-11E98EBB63F7}.Debug|Any CPU.ActiveCfg = Debug|Any CPU
		{A1637DF7-68BC-4D82-AC31-11E98EBB63F7}.Debug|Any CPU.Build.0 = Debug|Any CPU
		{A1637DF7-68BC-4D82-AC31-11E98EBB63F7}.Release|Any CPU.ActiveCfg = Release|Any CPU
		{A1637DF7-68BC-4D82-AC31-11E98EBB63F7}.Release|Any CPU.Build.0 = Release|Any CPU
	EndGlobalSection
	GlobalSection(SolutionProperties) = preSolution
		HideSolutionNode = FALSE
	EndGlobalSection
	GlobalSection(ExtensibilityGlobals) = postSolution
		SolutionGuid = {62CE8E20-33E3-4A8E-B381-5E397D6C5ABB}
	EndGlobalSection
EndGlobal
